
Microsoft Visual Studio Solution File, Format Version 10.00
# Visual Studio 2008
Project("{FAE04EC0-301F-11D3-BF4B-00C04F79EFBC}") = "PDFWriter", "PDFWriter\PDFWriter.csproj", "{7DE6DF5E-E01C-473C-B1E7-C9AAB434C614}"
EndProject
Global
	GlobalSection(SolutionConfigurationPlatforms) = preSolution
		Debug|Any CPU = Debug|Any CPU
		Release|Any CPU = Release|Any CPU
	EndGlobalSection
	GlobalSection(ProjectConfigurationPlatforms) = postSolution
		{7DE6DF5E-E01C-473C-B1E7-C9AAB434C614}.Debug|Any CPU.ActiveCfg = Debug|Any CPU
		{7DE6DF5E-E01C-473C-B1E7-C9AAB434C614}.Debug|Any CPU.Build.0 = Debug|Any CPU
		{7DE6DF5E-E01C-473C-B1E7-C9AAB434C614}.Release|Any CPU.ActiveCfg = Release|Any CPU
		{7DE6DF5E-E01C-473C-B1E7-C9AAB434C614}.Release|Any CPU.Build.0 = Release|Any CPU
	EndGlobalSection
	GlobalSection(SolutionProperties) = preSolution
		HideSolutionNode = FALSE
	EndGlobalSection
EndGlobal
